
Microsoft Visual Studio Solution File, Format Version 12.00
Project("{FAE04EC0-301F-11D3-BF4B-00C04F79EFBC}") = "homeWork-54", "homeWork-54\homeWork-54.csproj", "{E5B29438-4610-4635-B907-1E9027E41BEE}"
EndProject
Global
	GlobalSection(SolutionConfigurationPlatforms) = preSolution
		Debug|Any CPU = Debug|Any CPU
		Release|Any CPU = Release|Any CPU
	EndGlobalSection
	GlobalSection(ProjectConfigurationPlatforms) = postSolution
		{E5B29438-4610-4635-B907-1E9027E41BEE}.Debug|Any CPU.ActiveCfg = Debug|Any CPU
		{E5B29438-4610-4635-B907-1E9027E41BEE}.Debug|Any CPU.Build.0 = Debug|Any CPU
		{E5B29438-4610-4635-B907-1E9027E41BEE}.Release|Any CPU.ActiveCfg = Release|Any CPU
		{E5B29438-4610-4635-B907-1E9027E41BEE}.Release|Any CPU.Build.0 = Release|Any CPU
	EndGlobalSection
EndGlobal
